// !$*UTF8*$!
{
	archiveVersion = 1;
	classes = {
	};
	objectVersion = 46;
	objects = {

/* Begin PBXBuildFile section */
		202FECD51BA7B49C0017B40B /* delete@2x.png in Resources */ = {isa = PBXBuildFile; fileRef = 202FECD41BA7B49C0017B40B /* delete@2x.png */; };
		20B92C6C1BABBEC600C69436 /* raincoatlogo@2x.png in Resources */ = {isa = PBXBuildFile; fileRef = 20B92C6B1BABBEC600C69436 /* raincoatlogo@2x.png */; };
		20B92C6E1BACAFA400C69436 /* DateExtension.swift in Sources */ = {isa = PBXBuildFile; fileRef = 20B92C6D1BACAFA400C69436 /* DateExtension.swift */; };
		20B92C701BBB81DE00C69436 /* Settings.bundle in Resources */ = {isa = PBXBuildFile; fileRef = 20B92C6F1BBB81DE00C69436 /* Settings.bundle */; };
		20CCAC6B1B3288F900490B69 /* AppDelegate.swift in Sources */ = {isa = PBXBuildFile; fileRef = 20CCAC6A1B3288F900490B69 /* AppDelegate.swift */; };
		20CCAC6D1B3288F900490B69 /* ViewController.swift in Sources */ = {isa = PBXBuildFile; fileRef = 20CCAC6C1B3288F900490B69 /* ViewController.swift */; };
		20CCAC701B3288F900490B69 /* Main.storyboard in Resources */ = {isa = PBXBuildFile; fileRef = 20CCAC6E1B3288F900490B69 /* Main.storyboard */; };
		20CCAC721B3288F900490B69 /* Images.xcassets in Resources */ = {isa = PBXBuildFile; fileRef = 20CCAC711B3288F900490B69 /* Images.xcassets */; };
		20CCAC811B3288F900490B69 /* RaincoatTests.swift in Sources */ = {isa = PBXBuildFile; fileRef = 20CCAC801B3288F900490B69 /* RaincoatTests.swift */; };
		20CCAC8B1B328C8400490B69 /* WeatherJSONRequester.swift in Sources */ = {isa = PBXBuildFile; fileRef = 20CCAC8A1B328C8400490B69 /* WeatherJSONRequester.swift */; };
		20CCAC911B328FE200490B69 /* Sun.swift in Sources */ = {isa = PBXBuildFile; fileRef = 20CCAC901B328FE200490B69 /* Sun.swift */; };
		20CCAC931B3298F000490B69 /* TodaysConditions.swift in Sources */ = {isa = PBXBuildFile; fileRef = 20CCAC921B3298F000490B69 /* TodaysConditions.swift */; };
		20CCAC951B32A64B00490B69 /* HourlyCondition.swift in Sources */ = {isa = PBXBuildFile; fileRef = 20CCAC941B32A64B00490B69 /* HourlyCondition.swift */; };
		20CCAC971B32B96A00490B69 /* ColorPalette.swift in Sources */ = {isa = PBXBuildFile; fileRef = 20CCAC961B32B96A00490B69 /* ColorPalette.swift */; };
		20CCAC9E1B35620800490B69 /* settings@2x.png in Resources */ = {isa = PBXBuildFile; fileRef = 20CCAC9D1B35620800490B69 /* settings@2x.png */; };
		20CCACA01B35626300490B69 /* restart@2x.png in Resources */ = {isa = PBXBuildFile; fileRef = 20CCAC9F1B35626300490B69 /* restart@2x.png */; };
		20CCACA11B35663500490B69 /* OpenSans-Light.ttf in Resources */ = {isa = PBXBuildFile; fileRef = 20CCAC9B1B35611300490B69 /* OpenSans-Light.ttf */; };
		20CCACA21B35663500490B69 /* OpenSans-Bold.ttf in Resources */ = {isa = PBXBuildFile; fileRef = 20CCAC9A1B35610400490B69 /* OpenSans-Bold.ttf */; };
		20CCACA31B35663500490B69 /* OpenSans-Regular.ttf in Resources */ = {isa = PBXBuildFile; fileRef = 20CCAC9C1B35612500490B69 /* OpenSans-Regular.ttf */; };
		20CCACA61B3568E900490B69 /* sunback@2x.png in Resources */ = {isa = PBXBuildFile; fileRef = 20CCACA41B3568E900490B69 /* sunback@2x.png */; };
		20CCACA71B3568E900490B69 /* sunfront@2x.png in Resources */ = {isa = PBXBuildFile; fileRef = 20CCACA51B3568E900490B69 /* sunfront@2x.png */; };
		20CCACA91B35DE3E00490B69 /* downwardChevron@2x.png in Resources */ = {isa = PBXBuildFile; fileRef = 20CCACA81B35DE3E00490B69 /* downwardChevron@2x.png */; };
		20CCACAB1B365F4100490B69 /* CoreLocation.swift in Sources */ = {isa = PBXBuildFile; fileRef = 20CCACAA1B365F4100490B69 /* CoreLocation.swift */; };
		20CCACAD1B3693A800490B69 /* cloudFront@2x.png in Resources */ = {isa = PBXBuildFile; fileRef = 20CCACAC1B3693A800490B69 /* cloudFront@2x.png */; };
		20CCACAF1B3693BA00490B69 /* cloudBack@2x.png in Resources */ = {isa = PBXBuildFile; fileRef = 20CCACAE1B3693BA00490B69 /* cloudBack@2x.png */; };
/* End PBXBuildFile section */

/* Begin PBXContainerItemProxy section */
		20CCAC7B1B3288F900490B69 /* PBXContainerItemProxy */ = {
			isa = PBXContainerItemProxy;
			containerPortal = 20CCAC5D1B3288F900490B69 /* Project object */;
			proxyType = 1;
			remoteGlobalIDString = 20CCAC641B3288F900490B69;
			remoteInfo = Raincoat;
		};
/* End PBXContainerItemProxy section */

/* Begin PBXFileReference section */
		202FECD41BA7B49C0017B40B /* delete@2x.png */ = {isa = PBXFileReference; lastKnownFileType = image.png; path = "delete@2x.png"; sourceTree = "<group>"; };
		20B92C6B1BABBEC600C69436 /* raincoatlogo@2x.png */ = {isa = PBXFileReference; lastKnownFileType = image.png; path = "raincoatlogo@2x.png"; sourceTree = "<group>"; };
		20B92C6D1BACAFA400C69436 /* DateExtension.swift */ = {isa = PBXFileReference; fileEncoding = 4; lastKnownFileType = sourcecode.swift; path = DateExtension.swift; sourceTree = "<group>"; };
		20B92C6F1BBB81DE00C69436 /* Settings.bundle */ = {isa = PBXFileReference; lastKnownFileType = "wrapper.plug-in"; path = Settings.bundle; sourceTree = "<group>"; };
		20CCAC651B3288F900490B69 /* Raincoat.app */ = {isa = PBXFileReference; explicitFileType = wrapper.application; includeInIndex = 0; path = Raincoat.app; sourceTree = BUILT_PRODUCTS_DIR; };
		20CCAC691B3288F900490B69 /* Info.plist */ = {isa = PBXFileReference; lastKnownFileType = text.plist.xml; path = Info.plist; sourceTree = "<group>"; };
		20CCAC6A1B3288F900490B69 /* AppDelegate.swift */ = {isa = PBXFileReference; lastKnownFileType = sourcecode.swift; path = AppDelegate.swift; sourceTree = "<group>"; };
		20CCAC6C1B3288F900490B69 /* ViewController.swift */ = {isa = PBXFileReference; lastKnownFileType = sourcecode.swift; path = ViewController.swift; sourceTree = "<group>"; };
		20CCAC6F1B3288F900490B69 /* Base */ = {isa = PBXFileReference; lastKnownFileType = file.storyboard; name = Base; path = Base.lproj/Main.storyboard; sourceTree = "<group>"; };
		20CCAC711B3288F900490B69 /* Images.xcassets */ = {isa = PBXFileReference; lastKnownFileType = folder.assetcatalog; path = Images.xcassets; sourceTree = "<group>"; };
		20CCAC7A1B3288F900490B69 /* RaincoatTests.xctest */ = {isa = PBXFileReference; explicitFileType = wrapper.cfbundle; includeInIndex = 0; path = RaincoatTests.xctest; sourceTree = BUILT_PRODUCTS_DIR; };
		20CCAC7F1B3288F900490B69 /* Info.plist */ = {isa = PBXFileReference; lastKnownFileType = text.plist.xml; path = Info.plist; sourceTree = "<group>"; };
		20CCAC801B3288F900490B69 /* RaincoatTests.swift */ = {isa = PBXFileReference; lastKnownFileType = sourcecode.swift; path = RaincoatTests.swift; sourceTree = "<group>"; };
		20CCAC8A1B328C8400490B69 /* WeatherJSONRequester.swift */ = {isa = PBXFileReference; fileEncoding = 4; lastKnownFileType = sourcecode.swift; path = WeatherJSONRequester.swift; sourceTree = "<group>"; };
		20CCAC901B328FE200490B69 /* Sun.swift */ = {isa = PBXFileReference; fileEncoding = 4; lastKnownFileType = sourcecode.swift; path = Sun.swift; sourceTree = "<group>"; };
		20CCAC921B3298F000490B69 /* TodaysConditions.swift */ = {isa = PBXFileReference; fileEncoding = 4; lastKnownFileType = sourcecode.swift; path = TodaysConditions.swift; sourceTree = "<group>"; };
		20CCAC941B32A64B00490B69 /* HourlyCondition.swift */ = {isa = PBXFileReference; fileEncoding = 4; lastKnownFileType = sourcecode.swift; path = HourlyCondition.swift; sourceTree = "<group>"; };
		20CCAC961B32B96A00490B69 /* ColorPalette.swift */ = {isa = PBXFileReference; fileEncoding = 4; lastKnownFileType = sourcecode.swift; path = ColorPalette.swift; sourceTree = "<group>"; };
		20CCAC9A1B35610400490B69 /* OpenSans-Bold.ttf */ = {isa = PBXFileReference; lastKnownFileType = file; path = "OpenSans-Bold.ttf"; sourceTree = "<group>"; };
		20CCAC9B1B35611300490B69 /* OpenSans-Light.ttf */ = {isa = PBXFileReference; lastKnownFileType = file; path = "OpenSans-Light.ttf"; sourceTree = "<group>"; };
		20CCAC9C1B35612500490B69 /* OpenSans-Regular.ttf */ = {isa = PBXFileReference; lastKnownFileType = file; path = "OpenSans-Regular.ttf"; sourceTree = "<group>"; };
		20CCAC9D1B35620800490B69 /* settings@2x.png */ = {isa = PBXFileReference; lastKnownFileType = image.png; path = "settings@2x.png"; sourceTree = "<group>"; };
		20CCAC9F1B35626300490B69 /* restart@2x.png */ = {isa = PBXFileReference; lastKnownFileType = image.png; path = "restart@2x.png"; sourceTree = "<group>"; };
		20CCACA41B3568E900490B69 /* sunback@2x.png */ = {isa = PBXFileReference; lastKnownFileType = image.png; path = "sunback@2x.png"; sourceTree = "<group>"; };
		20CCACA51B3568E900490B69 /* sunfront@2x.png */ = {isa = PBXFileReference; lastKnownFileType = image.png; path = "sunfront@2x.png"; sourceTree = "<group>"; };
		20CCACA81B35DE3E00490B69 /* downwardChevron@2x.png */ = {isa = PBXFileReference; lastKnownFileType = image.png; path = "downwardChevron@2x.png"; sourceTree = "<group>"; };
		20CCACAA1B365F4100490B69 /* CoreLocation.swift */ = {isa = PBXFileReference; fileEncoding = 4; lastKnownFileType = sourcecode.swift; path = CoreLocation.swift; sourceTree = "<group>"; };
		20CCACAC1B3693A800490B69 /* cloudFront@2x.png */ = {isa = PBXFileReference; lastKnownFileType = image.png; path = "cloudFront@2x.png"; sourceTree = "<group>"; };
		20CCACAE1B3693BA00490B69 /* cloudBack@2x.png */ = {isa = PBXFileReference; lastKnownFileType = image.png; path = "cloudBack@2x.png"; sourceTree = "<group>"; };
/* End PBXFileReference section */

/* Begin PBXFrameworksBuildPhase section */
		20CCAC621B3288F900490B69 /* Frameworks */ = {
			isa = PBXFrameworksBuildPhase;
			buildActionMask = 2147483647;
			files = (
			);
			runOnlyForDeploymentPostprocessing = 0;
		};
		20CCAC771B3288F900490B69 /* Frameworks */ = {
			isa = PBXFrameworksBuildPhase;
			buildActionMask = 2147483647;
			files = (
			);
			runOnlyForDeploymentPostprocessing = 0;
		};
/* End PBXFrameworksBuildPhase section */

/* Begin PBXGroup section */
		20CCAC5C1B3288F900490B69 = {
			isa = PBXGroup;
			children = (
				20B92C6F1BBB81DE00C69436 /* Settings.bundle */,
				20CCAC671B3288F900490B69 /* Raincoat */,
				20CCAC7D1B3288F900490B69 /* RaincoatTests */,
				20CCAC661B3288F900490B69 /* Products */,
			);
			sourceTree = "<group>";
		};
		20CCAC661B3288F900490B69 /* Products */ = {
			isa = PBXGroup;
			children = (
				20CCAC651B3288F900490B69 /* Raincoat.app */,
				20CCAC7A1B3288F900490B69 /* RaincoatTests.xctest */,
			);
			name = Products;
			sourceTree = "<group>";
		};
		20CCAC671B3288F900490B69 /* Raincoat */ = {
			isa = PBXGroup;
			children = (
				20CCAC8F1B328FC000490B69 /* Helper */,
				20CCAC8E1B328FB800490B69 /* Controller */,
				20CCAC8D1B328FA200490B69 /* View */,
				20CCAC8C1B328F9D00490B69 /* Model */,
				20CCAC6E1B3288F900490B69 /* Main.storyboard */,
				20CCAC711B3288F900490B69 /* Images.xcassets */,
				20CCAC681B3288F900490B69 /* Supporting Files */,
			);
			path = Raincoat;
			sourceTree = "<group>";
		};
		20CCAC681B3288F900490B69 /* Supporting Files */ = {
			isa = PBXGroup;
			children = (
				20B92C6B1BABBEC600C69436 /* raincoatlogo@2x.png */,
				202FECD41BA7B49C0017B40B /* delete@2x.png */,
				20CCACAE1B3693BA00490B69 /* cloudBack@2x.png */,
				20CCACAC1B3693A800490B69 /* cloudFront@2x.png */,
				20CCACA81B35DE3E00490B69 /* downwardChevron@2x.png */,
				20CCACA41B3568E900490B69 /* sunback@2x.png */,
				20CCACA51B3568E900490B69 /* sunfront@2x.png */,
				20CCAC9F1B35626300490B69 /* restart@2x.png */,
				20CCAC9D1B35620800490B69 /* settings@2x.png */,
				20CCAC9B1B35611300490B69 /* OpenSans-Light.ttf */,
				20CCAC9A1B35610400490B69 /* OpenSans-Bold.ttf */,
				20CCAC9C1B35612500490B69 /* OpenSans-Regular.ttf */,
				20CCAC691B3288F900490B69 /* Info.plist */,
			);
			name = "Supporting Files";
			sourceTree = "<group>";
		};
		20CCAC7D1B3288F900490B69 /* RaincoatTests */ = {
			isa = PBXGroup;
			children = (
				20CCAC801B3288F900490B69 /* RaincoatTests.swift */,
				20CCAC7E1B3288F900490B69 /* Supporting Files */,
			);
			path = RaincoatTests;
			sourceTree = "<group>";
		};
		20CCAC7E1B3288F900490B69 /* Supporting Files */ = {
			isa = PBXGroup;
			children = (
				20CCAC7F1B3288F900490B69 /* Info.plist */,
			);
			name = "Supporting Files";
			sourceTree = "<group>";
		};
		20CCAC8C1B328F9D00490B69 /* Model */ = {
			isa = PBXGroup;
			children = (
				20CCAC901B328FE200490B69 /* Sun.swift */,
				20CCAC921B3298F000490B69 /* TodaysConditions.swift */,
				20CCAC941B32A64B00490B69 /* HourlyCondition.swift */,
			);
			name = Model;
			sourceTree = "<group>";
		};
		20CCAC8D1B328FA200490B69 /* View */ = {
			isa = PBXGroup;
			children = (
			);
			name = View;
			sourceTree = "<group>";
		};
		20CCAC8E1B328FB800490B69 /* Controller */ = {
			isa = PBXGroup;
			children = (
				20CCAC6A1B3288F900490B69 /* AppDelegate.swift */,
				20CCAC6C1B3288F900490B69 /* ViewController.swift */,
			);
			name = Controller;
			sourceTree = "<group>";
		};
		20CCAC8F1B328FC000490B69 /* Helper */ = {
			isa = PBXGroup;
			children = (
				20CCACAA1B365F4100490B69 /* CoreLocation.swift */,
				20CCAC8A1B328C8400490B69 /* WeatherJSONRequester.swift */,
				20CCAC961B32B96A00490B69 /* ColorPalette.swift */,
				20B92C6D1BACAFA400C69436 /* DateExtension.swift */,
			);
			name = Helper;
			sourceTree = "<group>";
		};
/* End PBXGroup section */

/* Begin PBXNativeTarget section */
		20CCAC641B3288F900490B69 /* Raincoat */ = {
			isa = PBXNativeTarget;
			buildConfigurationList = 20CCAC841B3288FA00490B69 /* Build configuration list for PBXNativeTarget "Raincoat" */;
			buildPhases = (
				20CCAC611B3288F900490B69 /* Sources */,
				20CCAC621B3288F900490B69 /* Frameworks */,
				20CCAC631B3288F900490B69 /* Resources */,
			);
			buildRules = (
			);
			dependencies = (
			);
			name = Raincoat;
			productName = Raincoat;
			productReference = 20CCAC651B3288F900490B69 /* Raincoat.app */;
			productType = "com.apple.product-type.application";
		};
		20CCAC791B3288F900490B69 /* RaincoatTests */ = {
			isa = PBXNativeTarget;
			buildConfigurationList = 20CCAC871B3288FA00490B69 /* Build configuration list for PBXNativeTarget "RaincoatTests" */;
			buildPhases = (
				20CCAC761B3288F900490B69 /* Sources */,
				20CCAC771B3288F900490B69 /* Frameworks */,
				20CCAC781B3288F900490B69 /* Resources */,
			);
			buildRules = (
			);
			dependencies = (
				20CCAC7C1B3288F900490B69 /* PBXTargetDependency */,
			);
			name = RaincoatTests;
			productName = RaincoatTests;
			productReference = 20CCAC7A1B3288F900490B69 /* RaincoatTests.xctest */;
			productType = "com.apple.product-type.bundle.unit-test";
		};
/* End PBXNativeTarget section */

/* Begin PBXProject section */
		20CCAC5D1B3288F900490B69 /* Project object */ = {
			isa = PBXProject;
			attributes = {
				LastUpgradeCheck = 0630;
				ORGANIZATIONNAME = "Alexander Tsu";
				TargetAttributes = {
					20CCAC641B3288F900490B69 = {
						CreatedOnToolsVersion = 6.3.1;
						SystemCapabilities = {
							com.apple.BackgroundModes = {
								enabled = 1;
							};
						};
					};
					20CCAC791B3288F900490B69 = {
						CreatedOnToolsVersion = 6.3.1;
						TestTargetID = 20CCAC641B3288F900490B69;
					};
				};
			};
			buildConfigurationList = 20CCAC601B3288F900490B69 /* Build configuration list for PBXProject "Raincoat" */;
			compatibilityVersion = "Xcode 3.2";
			developmentRegion = English;
			hasScannedForEncodings = 0;
			knownRegions = (
				en,
				Base,
			);
			mainGroup = 20CCAC5C1B3288F900490B69;
			productRefGroup = 20CCAC661B3288F900490B69 /* Products */;
			projectDirPath = "";
			projectRoot = "";
			targets = (
				20CCAC641B3288F900490B69 /* Raincoat */,
				20CCAC791B3288F900490B69 /* RaincoatTests */,
			);
		};
/* End PBXProject section */

/* Begin PBXResourcesBuildPhase section */
		20CCAC631B3288F900490B69 /* Resources */ = {
			isa = PBXResourcesBuildPhase;
			buildActionMask = 2147483647;
			files = (
				20CCACA11B35663500490B69 /* OpenSans-Light.ttf in Resources */,
				20CCACA21B35663500490B69 /* OpenSans-Bold.ttf in Resources */,
				20CCACAD1B3693A800490B69 /* cloudFront@2x.png in Resources */,
				20CCACA31B35663500490B69 /* OpenSans-Regular.ttf in Resources */,
				20CCAC701B3288F900490B69 /* Main.storyboard in Resources */,
				20CCACAF1B3693BA00490B69 /* cloudBack@2x.png in Resources */,
				20CCAC9E1B35620800490B69 /* settings@2x.png in Resources */,
				20B92C701BBB81DE00C69436 /* Settings.bundle in Resources */,
				202FECD51BA7B49C0017B40B /* delete@2x.png in Resources */,
				20CCACA01B35626300490B69 /* restart@2x.png in Resources */,
				20B92C6C1BABBEC600C69436 /* raincoatlogo@2x.png in Resources */,
				20CCACA61B3568E900490B69 /* sunback@2x.png in Resources */,
				20CCAC721B3288F900490B69 /* Images.xcassets in Resources */,
				20CCACA71B3568E900490B69 /* sunfront@2x.png in Resources */,
				20CCACA91B35DE3E00490B69 /* downwardChevron@2x.png in Resources */,
			);
			runOnlyForDeploymentPostprocessing = 0;
		};
		20CCAC781B3288F900490B69 /* Resources */ = {
			isa = PBXResourcesBuildPhase;
			buildActionMask = 2147483647;
			files = (
			);
			runOnlyForDeploymentPostprocessing = 0;
		};
/* End PBXResourcesBuildPhase section */

/* Begin PBXSourcesBuildPhase section */
		20CCAC611B3288F900490B69 /* Sources */ = {
			isa = PBXSourcesBuildPhase;
			buildActionMask = 2147483647;
			files = (
				20CCAC971B32B96A00490B69 /* ColorPalette.swift in Sources */,
				20CCAC6D1B3288F900490B69 /* ViewController.swift in Sources */,
				20CCAC6B1B3288F900490B69 /* AppDelegate.swift in Sources */,
				20CCAC911B328FE200490B69 /* Sun.swift in Sources */,
				20B92C6E1BACAFA400C69436 /* DateExtension.swift in Sources */,
				20CCAC8B1B328C8400490B69 /* WeatherJSONRequester.swift in Sources */,
				20CCAC951B32A64B00490B69 /* HourlyCondition.swift in Sources */,
				20CCAC931B3298F000490B69 /* TodaysConditions.swift in Sources */,
				20CCACAB1B365F4100490B69 /* CoreLocation.swift in Sources */,
			);
			runOnlyForDeploymentPostprocessing = 0;
		};
		20CCAC761B3288F900490B69 /* Sources */ = {
			isa = PBXSourcesBuildPhase;
			buildActionMask = 2147483647;
			files = (
				20CCAC811B3288F900490B69 /* RaincoatTests.swift in Sources */,
			);
			runOnlyForDeploymentPostprocessing = 0;
		};
/* End PBXSourcesBuildPhase section */

/* Begin PBXTargetDependency section */
		20CCAC7C1B3288F900490B69 /* PBXTargetDependency */ = {
			isa = PBXTargetDependency;
			target = 20CCAC641B3288F900490B69 /* Raincoat */;
			targetProxy = 20CCAC7B1B3288F900490B69 /* PBXContainerItemProxy */;
		};
/* End PBXTargetDependency section */

/* Begin PBXVariantGroup section */
		20CCAC6E1B3288F900490B69 /* Main.storyboard */ = {
			isa = PBXVariantGroup;
			children = (
				20CCAC6F1B3288F900490B69 /* Base */,
			);
			name = Main.storyboard;
			sourceTree = "<group>";
		};
/* End PBXVariantGroup section */

/* Begin XCBuildConfiguration section */
		20CCAC821B3288F900490B69 /* Debug */ = {
			isa = XCBuildConfiguration;
			buildSettings = {
				ALWAYS_SEARCH_USER_PATHS = NO;
				CLANG_CXX_LANGUAGE_STANDARD = "gnu++0x";
				CLANG_CXX_LIBRARY = "libc++";
				CLANG_ENABLE_MODULES = YES;
				CLANG_ENABLE_OBJC_ARC = YES;
				CLANG_WARN_BOOL_CONVERSION = YES;
				CLANG_WARN_CONSTANT_CONVERSION = YES;
				CLANG_WARN_DIRECT_OBJC_ISA_USAGE = YES_ERROR;
				CLANG_WARN_EMPTY_BODY = YES;
				CLANG_WARN_ENUM_CONVERSION = YES;
				CLANG_WARN_INT_CONVERSION = YES;
				CLANG_WARN_OBJC_ROOT_CLASS = YES_ERROR;
				CLANG_WARN_UNREACHABLE_CODE = YES;
				CLANG_WARN__DUPLICATE_METHOD_MATCH = YES;
				"CODE_SIGN_IDENTITY[sdk=iphoneos*]" = "iPhone Developer";
				COPY_PHASE_STRIP = NO;
				DEBUG_INFORMATION_FORMAT = "dwarf-with-dsym";
				ENABLE_STRICT_OBJC_MSGSEND = YES;
				GCC_C_LANGUAGE_STANDARD = gnu99;
				GCC_DYNAMIC_NO_PIC = NO;
				GCC_NO_COMMON_BLOCKS = YES;
				GCC_OPTIMIZATION_LEVEL = 0;
				GCC_PREPROCESSOR_DEFINITIONS = (
					"DEBUG=1",
					"$(inherited)",
				);
				GCC_SYMBOLS_PRIVATE_EXTERN = NO;
				GCC_WARN_64_TO_32_BIT_CONVERSION = YES;
				GCC_WARN_ABOUT_RETURN_TYPE = YES_ERROR;
				GCC_WARN_UNDECLARED_SELECTOR = YES;
				GCC_WARN_UNINITIALIZED_AUTOS = YES_AGGRESSIVE;
				GCC_WARN_UNUSED_FUNCTION = YES;
				GCC_WARN_UNUSED_VARIABLE = YES;
				IPHONEOS_DEPLOYMENT_TARGET = 8.3;
				MTL_ENABLE_DEBUG_INFO = YES;
				ONLY_ACTIVE_ARCH = YES;
				SDKROOT = iphoneos;
				SWIFT_OPTIMIZATION_LEVEL = "-Onone";
			};
			name = Debug;
		};
		20CCAC831B3288F900490B69 /* Release */ = {
			isa = XCBuildConfiguration;
			buildSettings = {
				ALWAYS_SEARCH_USER_PATHS = NO;
				CLANG_CXX_LANGUAGE_STANDARD = "gnu++0x";
				CLANG_CXX_LIBRARY = "libc++";
				CLANG_ENABLE_MODULES = YES;
				CLANG_ENABLE_OBJC_ARC = YES;
				CLANG_WARN_BOOL_CONVERSION = YES;
				CLANG_WARN_CONSTANT_CONVERSION = YES;
				CLANG_WARN_DIRECT_OBJC_ISA_USAGE = YES_ERROR;
				CLANG_WARN_EMPTY_BODY = YES;
				CLANG_WARN_ENUM_CONVERSION = YES;
				CLANG_WARN_INT_CONVERSION = YES;
				CLANG_WARN_OBJC_ROOT_CLASS = YES_ERROR;
				CLANG_WARN_UNREACHABLE_CODE = YES;
				CLANG_WARN__DUPLICATE_METHOD_MATCH = YES;
				"CODE_SIGN_IDENTITY[sdk=iphoneos*]" = "iPhone Developer";
				COPY_PHASE_STRIP = NO;
				DEBUG_INFORMATION_FORMAT = "dwarf-with-dsym";
				ENABLE_NS_ASSERTIONS = NO;
				ENABLE_STRICT_OBJC_MSGSEND = YES;
				GCC_C_LANGUAGE_STANDARD = gnu99;
				GCC_NO_COMMON_BLOCKS = YES;
				GCC_WARN_64_TO_32_BIT_CONVERSION = YES;
				GCC_WARN_ABOUT_RETURN_TYPE = YES_ERROR;
				GCC_WARN_UNDECLARED_SELECTOR = YES;
				GCC_WARN_UNINITIALIZED_AUTOS = YES_AGGRESSIVE;
				GCC_WARN_UNUSED_FUNCTION = YES;
				GCC_WARN_UNUSED_VARIABLE = YES;
				IPHONEOS_DEPLOYMENT_TARGET = 8.3;
				MTL_ENABLE_DEBUG_INFO = NO;
				SDKROOT = iphoneos;
				VALIDATE_PRODUCT = YES;
			};
			name = Release;
		};
		20CCAC851B3288FA00490B69 /* Debug */ = {
			isa = XCBuildConfiguration;
			buildSettings = {
				ASSETCATALOG_COMPILER_APPICON_NAME = AppIcon;
				ASSETCATALOG_COMPILER_LAUNCHIMAGE_NAME = LaunchImage;
				INFOPLIST_FILE = Raincoat/Info.plist;
				LD_RUNPATH_SEARCH_PATHS = "$(inherited) @executable_path/Frameworks";
				PRODUCT_NAME = "$(TARGET_NAME)";
			};
			name = Debug;
		};
		20CCAC861B3288FA00490B69 /* Release */ = {
			isa = XCBuildConfiguration;
			buildSettings = {
				ASSETCATALOG_COMPILER_APPICON_NAME = AppIcon;
				ASSETCATALOG_COMPILER_LAUNCHIMAGE_NAME = LaunchImage;
				INFOPLIST_FILE = Raincoat/Info.plist;
				LD_RUNPATH_SEARCH_PATHS = "$(inherited) @executable_path/Frameworks";
				PRODUCT_NAME = "$(TARGET_NAME)";
			};
			name = Release;
		};
		20CCAC881B3288FA00490B69 /* Debug */ = {
			isa = XCBuildConfiguration;
			buildSettings = {
				BUNDLE_LOADER = "$(TEST_HOST)";
				FRAMEWORK_SEARCH_PATHS = (
					"$(SDKROOT)/Developer/Library/Frameworks",
					"$(inherited)",
				);
				GCC_PREPROCESSOR_DEFINITIONS = (
					"DEBUG=1",
					"$(inherited)",
				);
				INFOPLIST_FILE = RaincoatTests/Info.plist;
				LD_RUNPATH_SEARCH_PATHS = "$(inherited) @executable_path/Frameworks @loader_path/Frameworks";
				PRODUCT_NAME = "$(TARGET_NAME)";
				TEST_HOST = "$(BUILT_PRODUCTS_DIR)/Raincoat.app/Raincoat";
			};
			name = Debug;
		};
		20CCAC891B3288FA00490B69 /* Release */ = {
			isa = XCBuildConfiguration;
			buildSettings = {
				BUNDLE_LOADER = "$(TEST_HOST)";
				FRAMEWORK_SEARCH_PATHS = (
					"$(SDKROOT)/Developer/Library/Frameworks",
					"$(inherited)",
				);
				INFOPLIST_FILE = RaincoatTests/Info.plist;
				LD_RUNPATH_SEARCH_PATHS = "$(inherited) @executable_path/Frameworks @loader_path/Frameworks";
				PRODUCT_NAME = "$(TARGET_NAME)";
				TEST_HOST = "$(BUILT_PRODUCTS_DIR)/Raincoat.app/Raincoat";
			};
			name = Release;
		};
/* End XCBuildConfiguration section */

/* Begin XCConfigurationList section */
		20CCAC601B3288F900490B69 /* Build configuration list for PBXProject "Raincoat" */ = {
			isa = XCConfigurationList;
			buildConfigurations = (
				20CCAC821B3288F900490B69 /* Debug */,
				20CCAC831B3288F900490B69 /* Release */,
			);
			defaultConfigurationIsVisible = 0;
			defaultConfigurationName = Release;
		};
		20CCAC841B3288FA00490B69 /* Build configuration list for PBXNativeTarget "Raincoat" */ = {
			isa = XCConfigurationList;
			buildConfigurations = (
				20CCAC851B3288FA00490B69 /* Debug */,
				20CCAC861B3288FA00490B69 /* Release */,
			);
			defaultConfigurationIsVisible = 0;
			defaultConfigurationName = Release;
		};
		20CCAC871B3288FA00490B69 /* Build configuration list for PBXNativeTarget "RaincoatTests" */ = {
			isa = XCConfigurationList;
			buildConfigurations = (
				20CCAC881B3288FA00490B69 /* Debug */,
				20CCAC891B3288FA00490B69 /* Release */,
			);
			defaultConfigurationIsVisible = 0;
			defaultConfigurationName = Release;
		};
/* End XCConfigurationList section */
	};
	rootObject = 20CCAC5D1B3288F900490B69 /* Project object */;
}
